
Microsoft Visual Studio Solution File, Format Version 12.00
# Visual Studio Version 16
VisualStudioVersion = 16.0.31410.357
MinimumVisualStudioVersion = 10.0.40219.1
Project("{FAE04EC0-301F-11D3-BF4B-00C04F79EFBC}") = "SmartHome", "SmartHome\SmartHome.csproj", "{7F5F8713-81A6-47CB-9301-FB9A01A80008}"
EndProject
Global
	GlobalSection(SolutionConfigurationPlatforms) = preSolution
		Debug|Any CPU = Debug|Any CPU
		Release|Any CPU = Release|Any CPU
	EndGlobalSection
	GlobalSection(ProjectConfigurationPlatforms) = postSolution
		{7F5F8713-81A6-47CB-9301-FB9A01A80008}.Debug|Any CPU.ActiveCfg = Debug|Any CPU
		{7F5F8713-81A6-47CB-9301-FB9A01A80008}.Debug|Any CPU.Build.0 = Debug|Any CPU
		{7F5F8713-81A6-47CB-9301-FB9A01A80008}.Release|Any CPU.ActiveCfg = Release|Any CPU
		{7F5F8713-81A6-47CB-9301-FB9A01A80008}.Release|Any CPU.Build.0 = Release|Any CPU
	EndGlobalSection
	GlobalSection(SolutionProperties) = preSolution
		HideSolutionNode = FALSE
	EndGlobalSection
	GlobalSection(ExtensibilityGlobals) = postSolution
		SolutionGuid = {285F1461-6E81-4A09-A3EE-9D7103CDACDF}
	EndGlobalSection
EndGlobal
